{
  "lockfileVersion": 1,
  "configVersion": 1,
  "workspaces": {
    "": {
      "name": "@subframe7536/sqlite-wasm",
      "devDependencies": {
        "@subf/config": "^0.2.1",
        "@types/node": "^22.18.6",
        "bumpp": "^10.2.3",
        "ofetch": "^1.4.1",
        "oxfmt": "^0.44.0",
        "oxlint": "^1.59.0",
        "tar": "^7.5.1",
        "tsdown": "^0.21.8",
        "typescript": "^5.9.2",
        "uuidv7": "^1.0.2",
        "vite": "^8.0.0",
        "zen-mitt": "^3.1.0",
      },
    },
  },
  "packages": {
    "@babel/generator": ["@babel/generator@8.0.0-rc.3", "", { "dependencies": { "@babel/parser": "^8.0.0-rc.3", "@babel/types": "^8.0.0-rc.3", "@jridgewell/gen-mapping": "^0.3.12", "@jridgewell/trace-mapping": "^0.3.28", "@types/jsesc": "^2.5.0", "jsesc": "^3.0.2" } }, "sha512-em37/13/nR320G4jab/nIIHZgc2Wz2y/D39lxnTyxB4/D/omPQncl/lSdlnJY1OhQcRGugTSIF2l/69o31C9dA=="],

    "@babel/helper-string-parser": ["@babel/helper-string-parser@8.0.0-rc.3", "", {}, "sha512-AmwWFx1m8G/a5cXkxLxTiWl+YEoWuoFLUCwqMlNuWO1tqAYITQAbCRPUkyBHv1VOFgfjVOqEj6L3u15J5ZCzTA=="],

    "@babel/helper-validator-identifier": ["@babel/helper-validator-identifier@8.0.0-rc.3", "", {}, "sha512-8AWCJ2VJJyDFlGBep5GpaaQ9AAaE/FjAcrqI7jyssYhtL7WGV0DOKpJsQqM037xDbpRLHXsY8TwU7zDma7coOw=="],

    "@babel/parser": ["@babel/parser@8.0.0-rc.3", "", { "dependencies": { "@babel/types": "^8.0.0-rc.3" }, "bin": { "parser": "bin/babel-parser.js" } }, "sha512-B20dvP3MfNc/XS5KKCHy/oyWl5IA6Cn9YjXRdDlCjNmUFrjvLXMNUfQq/QUy9fnG2gYkKKcrto2YaF9B32ToOQ=="],

    "@babel/types": ["@babel/types@8.0.0-rc.3", "", { "dependencies": { "@babel/helper-string-parser": "^8.0.0-rc.3", "@babel/helper-validator-identifier": "^8.0.0-rc.3" } }, "sha512-mOm5ZrYmphGfqVWoH5YYMTITb3cDXsFgmvFlvkvWDMsR9X8RFnt7a0Wb6yNIdoFsiMO9WjYLq+U/FMtqIYAF8Q=="],

    "@emnapi/core": ["@emnapi/core@1.9.2", "", { "dependencies": { "@emnapi/wasi-threads": "1.2.1", "tslib": "^2.4.0" } }, "sha512-UC+ZhH3XtczQYfOlu3lNEkdW/p4dsJ1r/bP7H8+rhao3TTTMO1ATq/4DdIi23XuGoFY+Cz0JmCbdVl0hz9jZcA=="],

    "@emnapi/runtime": ["@emnapi/runtime@1.9.2", "", { "dependencies": { "tslib": "^2.4.0" } }, "sha512-3U4+MIWHImeyu1wnmVygh5WlgfYDtyf0k8AbLhMFxOipihf6nrWC4syIm/SwEeec0mNSafiiNnMJwbza/Is6Lw=="],

    "@emnapi/wasi-threads": ["@emnapi/wasi-threads@1.2.1", "", { "dependencies": { "tslib": "^2.4.0" } }, "sha512-uTII7OYF+/Mes/MrcIOYp5yOtSMLBWSIoLPpcgwipoiKbli6k322tcoFsxoIIxPDqW01SQGAgko4EzZi2BNv2w=="],

    "@isaacs/fs-minipass": ["@isaacs/fs-minipass@4.0.1", "", { "dependencies": { "minipass": "^7.0.4" } }, "sha512-wgm9Ehl2jpeqP3zw/7mo3kRHFp5MEDhqAdwy1fTGkHAwnkGOVsgpvQhL8B5n1qlb01jV3n/bI0ZfZp5lWA1k4w=="],

    "@jridgewell/gen-mapping": ["@jridgewell/gen-mapping@0.3.13", "", { "dependencies": { "@jridgewell/sourcemap-codec": "^1.5.0", "@jridgewell/trace-mapping": "^0.3.24" } }, "sha512-2kkt/7niJ6MgEPxF0bYdQ6etZaA+fQvDcLKckhy1yIQOzaoKjBBjSj63/aLVjYE3qhRt5dvM+uUyfCg6UKCBbA=="],

    "@jridgewell/resolve-uri": ["@jridgewell/resolve-uri@3.1.2", "", {}, "sha512-bRISgCIjP20/tbWSPWMEi54QVPRZExkuD9lJL+UIxUKtwVJA8wW1Trb1jMs1RFXo1CBTNZ/5hpC9QvmKWdopKw=="],

    "@jridgewell/sourcemap-codec": ["@jridgewell/sourcemap-codec@1.5.5", "", {}, "sha512-cYQ9310grqxueWbl+WuIUIaiUaDcj7WOq5fVhEljNVgRfOUhY9fy2zTvfoqWsnebh8Sl70VScFbICvJnLKB0Og=="],

    "@jridgewell/trace-mapping": ["@jridgewell/trace-mapping@0.3.31", "", { "dependencies": { "@jridgewell/resolve-uri": "^3.1.0", "@jridgewell/sourcemap-codec": "^1.4.14" } }, "sha512-zzNR+SdQSDJzc8joaeP8QQoCQr8NuYx2dIIytl1QeBEZHJ9uW6hebsrYgbz8hJwUQao3TWCMtmfV8Nu1twOLAw=="],

    "@napi-rs/wasm-runtime": ["@napi-rs/wasm-runtime@1.1.3", "", { "dependencies": { "@tybys/wasm-util": "^0.10.1" }, "peerDependencies": { "@emnapi/core": "^1.7.1", "@emnapi/runtime": "^1.7.1" } }, "sha512-xK9sGVbJWYb08+mTJt3/YV24WxvxpXcXtP6B172paPZ+Ts69Re9dAr7lKwJoeIx8OoeuimEiRZ7umkiUVClmmQ=="],

    "@oxc-project/types": ["@oxc-project/types@0.124.0", "", {}, "sha512-VBFWMTBvHxS11Z5Lvlr3IWgrwhMTXV+Md+EQF0Xf60+wAdsGFTBx7X7K/hP4pi8N7dcm1RvcHwDxZ16Qx8keUg=="],

    "@oxfmt/binding-android-arm-eabi": ["@oxfmt/binding-android-arm-eabi@0.44.0", "", { "os": "android", "cpu": "arm" }, "sha512-5UvghMd9SA/yvKTWCAxMAPXS1d2i054UeOf4iFjZjfayTwCINcC3oaSXjtbZfCaEpxgJod7XiOjTtby5yEv/BQ=="],

    "@oxfmt/binding-android-arm64": ["@oxfmt/binding-android-arm64@0.44.0", "", { "os": "android", "cpu": "arm64" }, "sha512-IVudM1BWfvrYO++Khtzr8q9n5Rxu7msUvoFMqzGJVdX7HfUXUDHwaH2zHZNB58svx2J56pmCUzophyaPFkcG/A=="],

    "@oxfmt/binding-darwin-arm64": ["@oxfmt/binding-darwin-arm64@0.44.0", "", { "os": "darwin", "cpu": "arm64" }, "sha512-eWCLAIKAHfx88EqEP1Ga2yz7qVcqDU5lemn4xck+07bH182hDdprOHjbogyk0In1Djys3T0/pO2JepFnRJ41Mg=="],

    "@oxfmt/binding-darwin-x64": ["@oxfmt/binding-darwin-x64@0.44.0", "", { "os": "darwin", "cpu": "x64" }, "sha512-eHTBznHLM49++dwz07MblQ2cOXyIgeedmE3Wgy4ptUESj38/qYZyRi1MPwC9olQJWssMeY6WI3UZ7YmU5ggvyQ=="],

    "@oxfmt/binding-freebsd-x64": ["@oxfmt/binding-freebsd-x64@0.44.0", "", { "os": "freebsd", "cpu": "x64" }, "sha512-jLMmbj0u0Ft43QpkUVr/0v1ZfQCGWAvU+WznEHcN3wZC/q6ox7XeSJtk9P36CCpiDSUf3sGnzbIuG1KdEMEDJQ=="],

    "@oxfmt/binding-linux-arm-gnueabihf": ["@oxfmt/binding-linux-arm-gnueabihf@0.44.0", "", { "os": "linux", "cpu": "arm" }, "sha512-n+A/u/ByK1qV8FVGOwyaSpw5NPNl0qlZfgTBqHeGIqr8Qzq1tyWZ4lAaxPoe5mZqE3w88vn3+jZtMxriHPE7tg=="],

    "@oxfmt/binding-linux-arm-musleabihf": ["@oxfmt/binding-linux-arm-musleabihf@0.44.0", "", { "os": "linux", "cpu": "arm" }, "sha512-5eax+FkxyCqAi3Rw0mrZFr7+KTt/XweFsbALR+B5ljWBLBl8nHe4ADrUnb1gLEfQCJLl+Ca5FIVD4xEt95AwIw=="],

    "@oxfmt/binding-linux-arm64-gnu": ["@oxfmt/binding-linux-arm64-gnu@0.44.0", "", { "os": "linux", "cpu": "arm64" }, "sha512-58l8JaHxSGOmOMOG2CIrNsnkRJAj0YcHQCmvNACniOa/vd1iRHhlPajczegzS5jwMENlqgreyiTR9iNlke8qCw=="],

    "@oxfmt/binding-linux-arm64-musl": ["@oxfmt/binding-linux-arm64-musl@0.44.0", "", { "os": "linux", "cpu": "arm64" }, "sha512-AlObQIXyVRZ96LbtVljtFq0JqH5B92NU+BQeDFrXWBUWlCKAM0wF5GLfIhCLT5kQ3Sl+U0YjRJ7Alqj5hGQaCg=="],

    "@oxfmt/binding-linux-ppc64-gnu": ["@oxfmt/binding-linux-ppc64-gnu@0.44.0", "", { "os": "linux", "cpu": "ppc64" }, "sha512-YcFE8/q/BbrCiIiM5piwbkA6GwJc5QqhMQp2yDrqQ2fuVkZ7CInb1aIijZ/k8EXc72qXMSwKpVlBv1w/MsGO/A=="],

    "@oxfmt/binding-linux-riscv64-gnu": ["@oxfmt/binding-linux-riscv64-gnu@0.44.0", "", { "os": "linux", "cpu": "none" }, "sha512-eOdzs6RqkRzuqNHUX5C8ISN5xfGh4xDww8OEd9YAmc3OWN8oAe5bmlIqQ+rrHLpv58/0BuU48bxkhnIGjA/ATQ=="],

    "@oxfmt/binding-linux-riscv64-musl": ["@oxfmt/binding-linux-riscv64-musl@0.44.0", "", { "os": "linux", "cpu": "none" }, "sha512-YBgNTxntD/QvlFUfgvh8bEdwOhXiquX8gaofZJAwYa/Xp1S1DQrFVZEeck7GFktr24DztsSp8N8WtWCBwxs0Hw=="],

    "@oxfmt/binding-linux-s390x-gnu": ["@oxfmt/binding-linux-s390x-gnu@0.44.0", "", { "os": "linux", "cpu": "s390x" }, "sha512-GLIh1R6WHWshl/i4QQDNgj0WtT25aRO4HNUWEoitxiywyRdhTFmFEYT2rXlcl9U6/26vhmOqG5cRlMLG3ocaIA=="],

    "@oxfmt/binding-linux-x64-gnu": ["@oxfmt/binding-linux-x64-gnu@0.44.0", "", { "os": "linux", "cpu": "x64" }, "sha512-gZOpgTlOsLcLfAF9qgpTr7FIIFSKnQN3hDf/0JvQ4CIwMY7h+eilNjxq/CorqvYcEOu+LRt1W4ZS7KccEHLOdA=="],

    "@oxfmt/binding-linux-x64-musl": ["@oxfmt/binding-linux-x64-musl@0.44.0", "", { "os": "linux", "cpu": "x64" }, "sha512-1CyS9JTB+pCUFYFI6pkQGGZaT/AY5gnhHVrQQLhFba6idP9AzVYm1xbdWfywoldTYvjxQJV6x4SuduCIfP3W+A=="],

    "@oxfmt/binding-openharmony-arm64": ["@oxfmt/binding-openharmony-arm64@0.44.0", "", { "os": "none", "cpu": "arm64" }, "sha512-bmEv70Ak6jLr1xotCbF5TxIKjsmQaiX+jFRtnGtfA03tJPf6VG3cKh96S21boAt3JZc+Vjx8PYcDuLj39vM2Pw=="],

    "@oxfmt/binding-win32-arm64-msvc": ["@oxfmt/binding-win32-arm64-msvc@0.44.0", "", { "os": "win32", "cpu": "arm64" }, "sha512-yWzB+oCpSnP/dmw85eFLAT5o35Ve5pkGS2uF/UCISpIwDqf1xa7OpmtomiqY/Vzg8VyvMbuf6vroF2khF/+1Vg=="],

    "@oxfmt/binding-win32-ia32-msvc": ["@oxfmt/binding-win32-ia32-msvc@0.44.0", "", { "os": "win32", "cpu": "ia32" }, "sha512-TcWpo18xEIE3AmIG2kpr3kz5IEhQgnx0lazl2+8L+3eTopOAUevQcmlr4nhguImNWz0OMeOZrYZOhJNCf16nlQ=="],

    "@oxfmt/binding-win32-x64-msvc": ["@oxfmt/binding-win32-x64-msvc@0.44.0", "", { "os": "win32", "cpu": "x64" }, "sha512-oj8aLkPJZppIM4CMQNsyir9ybM1Xw/CfGPTSsTnzpVGyljgfbdP0EVUlURiGM0BDrmw5psQ6ArmGCcUY/yABaQ=="],

    "@oxlint/binding-android-arm-eabi": ["@oxlint/binding-android-arm-eabi@1.60.0", "", { "os": "android", "cpu": "arm" }, "sha512-YdeJKaZckDQL1qa62a1aKq/goyq48aX3yOxaaWqWb4sau4Ee4IiLbamftNLU3zbePky6QsDj6thnSSzHRBjDfA=="],

    "@oxlint/binding-android-arm64": ["@oxlint/binding-android-arm64@1.60.0", "", { "os": "android", "cpu": "arm64" }, "sha512-7ANS7PpXCfq84xZQ8E5WPs14gwcuPcl+/8TFNXfpSu0CQBXz3cUo2fDpHT8v8HJN+Ut02eacvMAzTnc9s6X4tw=="],

    "@oxlint/binding-darwin-arm64": ["@oxlint/binding-darwin-arm64@1.60.0", "", { "os": "darwin", "cpu": "arm64" }, "sha512-pJsgd9AfplLGBm1fIr25V6V14vMrayhx4uIQvlfH7jWs2SZwSrvi3TfgfJySB8T+hvyEH8K2zXljQiUnkgUnfQ=="],

    "@oxlint/binding-darwin-x64": ["@oxlint/binding-darwin-x64@1.60.0", "", { "os": "darwin", "cpu": "x64" }, "sha512-Ue1aXHX49ivwflKqGJc7zcd/LeLgbhaTcDCQStgx5x06AXgjEAZmvrlMuIkWd4AL4FHQe6QJ9f33z04Cg448VQ=="],

    "@oxlint/binding-freebsd-x64": ["@oxlint/binding-freebsd-x64@1.60.0", "", { "os": "freebsd", "cpu": "x64" }, "sha512-YCyQzsQtusQw+gNRW9rRTifSO+Dt/+dtCl2NHoDMZqJlRTEZ/Oht9YnuporI9yiTx7+cB+eqzX3MtHHVHGIWhg=="],

    "@oxlint/binding-linux-arm-gnueabihf": ["@oxlint/binding-linux-arm-gnueabihf@1.60.0", "", { "os": "linux", "cpu": "arm" }, "sha512-c7dxM2Zksa45Qw16i2iGY3Fti2NirJ38FrsBsKw+qcJ0OtqTsBgKJLF0xV+yLG56UH01Z8WRPgsw31e0MoRoGQ=="],

    "@oxlint/binding-linux-arm-musleabihf": ["@oxlint/binding-linux-arm-musleabihf@1.60.0", "", { "os": "linux", "cpu": "arm" }, "sha512-ZWALoA42UYqBEP1Tbw9OWURgFGS1nWj2AAvLdY6ZcGx/Gj93qVCBKjcvwXMupZibYwFbi9s/rzqkZseb/6gVtQ=="],

    "@oxlint/binding-linux-arm64-gnu": ["@oxlint/binding-linux-arm64-gnu@1.60.0", "", { "os": "linux", "cpu": "arm64" }, "sha512-tpy+1w4p9hN5CicMCxqNy6ymfRtV5ayE573vFNjp1k1TN/qhLFgflveZoE/0++RlkHikBz2vY545NWm/hp7big=="],

    "@oxlint/binding-linux-arm64-musl": ["@oxlint/binding-linux-arm64-musl@1.60.0", "", { "os": "linux", "cpu": "arm64" }, "sha512-eDYDXZGhQAXyn6GwtwiX/qcLS0HlOLPJ/+iiIY8RYr+3P8oKBmgKxADLlniL6FtWfE7pPk7IGN9/xvDEvDvFeg=="],

    "@oxlint/binding-linux-ppc64-gnu": ["@oxlint/binding-linux-ppc64-gnu@1.60.0", "", { "os": "linux", "cpu": "ppc64" }, "sha512-nxehly5XYBHUWI9VJX1bqCf9j/B43DaK/aS/T1fcxCpX3PA4Rm9BB54nPD1CKayT8xg6REN1ao+01hSRNgy8OA=="],

    "@oxlint/binding-linux-riscv64-gnu": ["@oxlint/binding-linux-riscv64-gnu@1.60.0", "", { "os": "linux", "cpu": "none" }, "sha512-j1qf/NaUfOWQutjeoooNG1Q0zsK0XGmSu1uDLq3cctquRF3j7t9Hxqf/76ehCc5GEUAanth2W4Fa+XT1RFg/nw=="],

    "@oxlint/binding-linux-riscv64-musl": ["@oxlint/binding-linux-riscv64-musl@1.60.0", "", { "os": "linux", "cpu": "none" }, "sha512-YELKPRefQ/q/h3RUmeRfPCUhh2wBvgV1RyZ/F9M9u8cDyXsQW2ojv1DeWQTt466yczDITjZnIOg/s05pk7Ve2A=="],

    "@oxlint/binding-linux-s390x-gnu": ["@oxlint/binding-linux-s390x-gnu@1.60.0", "", { "os": "linux", "cpu": "s390x" }, "sha512-JkO3C6Gki7Y6h/MiIkFKvHFOz98/YWvQ4WYbK9DLXACMP2rjULzkeGyAzorJE5S1dzLQGFgeqvN779kSFwoV1g=="],

    "@oxlint/binding-linux-x64-gnu": ["@oxlint/binding-linux-x64-gnu@1.60.0", "", { "os": "linux", "cpu": "x64" }, "sha512-XjKHdFVCpZZZSWBCKyyqCq65s2AKXykMXkjLoKYODrD+f5toLhlwsMESscu8FbgnJQ4Y/dpR/zdazsahmgBJIA=="],

    "@oxlint/binding-linux-x64-musl": ["@oxlint/binding-linux-x64-musl@1.60.0", "", { "os": "linux", "cpu": "x64" }, "sha512-js29ZWIuPhNWzY8NC7KoffEMEeWG105vbmm+8EOJsC+T/jHBiKIJEUF78+F/IrgEWMMP9N0kRND4Pp75+xAhKg=="],

    "@oxlint/binding-openharmony-arm64": ["@oxlint/binding-openharmony-arm64@1.60.0", "", { "os": "none", "cpu": "arm64" }, "sha512-H+PUITKHk04stFpWj3x3Kg08Afp/bcXSBi0EhasR5a0Vw7StXHTzdl655PUI0fB4qdh2Wsu6Dsi+3ACxPoyQnA=="],

    "@oxlint/binding-win32-arm64-msvc": ["@oxlint/binding-win32-arm64-msvc@1.60.0", "", { "os": "win32", "cpu": "arm64" }, "sha512-WA/yc7f7ZfCefBXVzNHn1Ztulb1EFwNBb4jMZ6pjML0zz6pHujlF3Q3jySluz3XHl/GNeMTntG1seUBWVMlMag=="],

    "@oxlint/binding-win32-ia32-msvc": ["@oxlint/binding-win32-ia32-msvc@1.60.0", "", { "os": "win32", "cpu": "ia32" }, "sha512-33YxL1sqwYNZXtn3MD/4dno6s0xeedXOJlT1WohkVD565WvohClZUr7vwKdAk954n4xiEWJkewiCr+zLeq7AeA=="],

    "@oxlint/binding-win32-x64-msvc": ["@oxlint/binding-win32-x64-msvc@1.60.0", "", { "os": "win32", "cpu": "x64" }, "sha512-JOro4ZcfBLamJCyfURQmOQByoorgOdx3ZjAkSqnb/CyG/i+lN3KoV5LAgk5ZAW6DPq7/Cx7n23f8DuTWXTWgyQ=="],

    "@quansync/fs": ["@quansync/fs@1.0.0", "", { "dependencies": { "quansync": "^1.0.0" } }, "sha512-4TJ3DFtlf1L5LDMaM6CanJ/0lckGNtJcMjQ1NAV6zDmA0tEHKZtxNKin8EgPaVX1YzljbxckyT2tJrpQKAtngQ=="],

    "@rolldown/binding-android-arm64": ["@rolldown/binding-android-arm64@1.0.0-rc.15", "", { "os": "android", "cpu": "arm64" }, "sha512-YYe6aWruPZDtHNpwu7+qAHEMbQ/yRl6atqb/AhznLTnD3UY99Q1jE7ihLSahNWkF4EqRPVC4SiR4O0UkLK02tA=="],

    "@rolldown/binding-darwin-arm64": ["@rolldown/binding-darwin-arm64@1.0.0-rc.15", "", { "os": "darwin", "cpu": "arm64" }, "sha512-oArR/ig8wNTPYsXL+Mzhs0oxhxfuHRfG7Ikw7jXsw8mYOtk71W0OkF2VEVh699pdmzjPQsTjlD1JIOoHkLP1Fg=="],

    "@rolldown/binding-darwin-x64": ["@rolldown/binding-darwin-x64@1.0.0-rc.15", "", { "os": "darwin", "cpu": "x64" }, "sha512-YzeVqOqjPYvUbJSWJ4EDL8ahbmsIXQpgL3JVipmN+MX0XnXMeWomLN3Fb+nwCmP/jfyqte5I3XRSm7OfQrbyxw=="],

    "@rolldown/binding-freebsd-x64": ["@rolldown/binding-freebsd-x64@1.0.0-rc.15", "", { "os": "freebsd", "cpu": "x64" }, "sha512-9Erhx956jeQ0nNTyif1+QWAXDRD38ZNjr//bSHrt6wDwB+QkAfl2q6Mn1k6OBPerznjRmbM10lgRb1Pli4xZPw=="],

    "@rolldown/binding-linux-arm-gnueabihf": ["@rolldown/binding-linux-arm-gnueabihf@1.0.0-rc.15", "", { "os": "linux", "cpu": "arm" }, "sha512-cVwk0w8QbZJGTnP/AHQBs5yNwmpgGYStL88t4UIaqcvYJWBfS0s3oqVLZPwsPU6M0zlW4GqjP0Zq5MnAGwFeGA=="],

    "@rolldown/binding-linux-arm64-gnu": ["@rolldown/binding-linux-arm64-gnu@1.0.0-rc.15", "", { "os": "linux", "cpu": "arm64" }, "sha512-eBZ/u8iAK9SoHGanqe/jrPnY0JvBN6iXbVOsbO38mbz+ZJsaobExAm1Iu+rxa4S1l2FjG0qEZn4Rc6X8n+9M+w=="],

    "@rolldown/binding-linux-arm64-musl": ["@rolldown/binding-linux-arm64-musl@1.0.0-rc.15", "", { "os": "linux", "cpu": "arm64" }, "sha512-ZvRYMGrAklV9PEkgt4LQM6MjQX2P58HPAuecwYObY2DhS2t35R0I810bKi0wmaYORt6m/2Sm+Z+nFgb0WhXNcQ=="],

    "@rolldown/binding-linux-ppc64-gnu": ["@rolldown/binding-linux-ppc64-gnu@1.0.0-rc.15", "", { "os": "linux", "cpu": "ppc64" }, "sha512-VDpgGBzgfg5hLg+uBpCLoFG5kVvEyafmfxGUV0UHLcL5irxAK7PKNeC2MwClgk6ZAiNhmo9FLhRYgvMmedLtnQ=="],

    "@rolldown/binding-linux-s390x-gnu": ["@rolldown/binding-linux-s390x-gnu@1.0.0-rc.15", "", { "os": "linux", "cpu": "s390x" }, "sha512-y1uXY3qQWCzcPgRJATPSOUP4tCemh4uBdY7e3EZbVwCJTY3gLJWnQABgeUetvED+bt1FQ01OeZwvhLS2bpNrAQ=="],

    "@rolldown/binding-linux-x64-gnu": ["@rolldown/binding-linux-x64-gnu@1.0.0-rc.15", "", { "os": "linux", "cpu": "x64" }, "sha512-023bTPBod7J3Y/4fzAN6QtpkSABR0rigtrwaP+qSEabUh5zf6ELr9Nc7GujaROuPY3uwdSIXWrvhn1KxOvurWA=="],

    "@rolldown/binding-linux-x64-musl": ["@rolldown/binding-linux-x64-musl@1.0.0-rc.15", "", { "os": "linux", "cpu": "x64" }, "sha512-witB2O0/hU4CgfOOKUoeFgQ4GktPi1eEbAhaLAIpgD6+ZnhcPkUtPsoKKHRzmOoWPZue46IThdSgdo4XneOLYw=="],

    "@rolldown/binding-openharmony-arm64": ["@rolldown/binding-openharmony-arm64@1.0.0-rc.15", "", { "os": "none", "cpu": "arm64" }, "sha512-UCL68NJ0Ud5zRipXZE9dF5PmirzJE4E4BCIOOssEnM7wLDsxjc6Qb0sGDxTNRTP53I6MZpygyCpY8Aa8sPfKPg=="],

    "@rolldown/binding-wasm32-wasi": ["@rolldown/binding-wasm32-wasi@1.0.0-rc.15", "", { "dependencies": { "@emnapi/core": "1.9.2", "@emnapi/runtime": "1.9.2", "@napi-rs/wasm-runtime": "^1.1.3" }, "cpu": "none" }, "sha512-ApLruZq/ig+nhaE7OJm4lDjayUnOHVUa77zGeqnqZ9pn0ovdVbbNPerVibLXDmWeUZXjIYIT8V3xkT58Rm9u5Q=="],

    "@rolldown/binding-win32-arm64-msvc": ["@rolldown/binding-win32-arm64-msvc@1.0.0-rc.15", "", { "os": "win32", "cpu": "arm64" }, "sha512-KmoUoU7HnN+Si5YWJigfTws1jz1bKBYDQKdbLspz0UaqjjFkddHsqorgiW1mxcAj88lYUE6NC/zJNwT+SloqtA=="],

    "@rolldown/binding-win32-x64-msvc": ["@rolldown/binding-win32-x64-msvc@1.0.0-rc.15", "", { "os": "win32", "cpu": "x64" }, "sha512-3P2A8L+x75qavWLe/Dll3EYBJLQmtkJN8rfh+U/eR3MqMgL/h98PhYI+JFfXuDPgPeCB7iZAKiqii5vqOvnA0g=="],

    "@rolldown/pluginutils": ["@rolldown/pluginutils@1.0.0-rc.15", "", {}, "sha512-UromN0peaE53IaBRe9W7CjrZgXl90fqGpK+mIZbA3qSTeYqg3pqpROBdIPvOG3F5ereDHNwoHBI2e50n1BDr1g=="],

    "@subf/config": ["@subf/config@0.2.1", "", { "dependencies": { "@subf/oxlint-plugin": "^0.2.2" }, "peerDependencies": { "defu": "*" }, "bin": { "subf": "bin/subf.js" } }, "sha512-/Kpk+cWBEJJ8j7BDr2e8U1t5axlVgMrPzzH5jUUfdjxaCyQIC0gSneusVOctT1XPnh5zN6EV+7QnL9AuiPGc6A=="],

    "@subf/oxlint-plugin": ["@subf/oxlint-plugin@0.2.2", "", {}, "sha512-e2v+0TRtDK1jX11dSNTOqnFc2n3Hln2TYA2w/JuExzRhZBIyCVNj5qRCGWN3spOVfefGv4NPzqjo8Ag+0Ycs7A=="],

    "@tybys/wasm-util": ["@tybys/wasm-util@0.10.1", "", { "dependencies": { "tslib": "^2.4.0" } }, "sha512-9tTaPJLSiejZKx+Bmog4uSubteqTvFrVrURwkmHixBo0G4seD0zUxp98E1DzUBJxLQ3NPwXrGKDiVjwx/DpPsg=="],

    "@types/estree": ["@types/estree@1.0.8", "", {}, "sha512-dWHzHa2WqEXI/O1E9OjrocMTKJl2mSrEolh1Iomrv6U+JuNwaHXsXx9bLu5gG7BUWFIN0skIQJQ/L1rIex4X6w=="],

    "@types/jsesc": ["@types/jsesc@2.5.1", "", {}, "sha512-9VN+6yxLOPLOav+7PwjZbxiID2bVaeq0ED4qSQmdQTdjnXJSaCVKTR58t15oqH1H5t8Ng2ZX1SabJVoN9Q34bw=="],

    "@types/node": ["@types/node@22.19.17", "", { "dependencies": { "undici-types": "~6.21.0" } }, "sha512-wGdMcf+vPYM6jikpS/qhg6WiqSV/OhG+jeeHT/KlVqxYfD40iYJf9/AE1uQxVWFvU7MipKRkRv8NSHiCGgPr8Q=="],

    "ansis": ["ansis@4.2.0", "", {}, "sha512-HqZ5rWlFjGiV0tDm3UxxgNRqsOTniqoKZu0pIAfh7TZQMGuZK+hH0drySty0si0QXj1ieop4+SkSfPZBPPkHig=="],

    "args-tokenizer": ["args-tokenizer@0.3.0", "", {}, "sha512-xXAd7G2Mll5W8uo37GETpQ2VrE84M181Z7ugHFGQnJZ50M2mbOv0osSZ9VsSgPfJQ+LVG0prSi0th+ELMsno7Q=="],

    "ast-kit": ["ast-kit@3.0.0-beta.1", "", { "dependencies": { "@babel/parser": "^8.0.0-beta.4", "estree-walker": "^3.0.3", "pathe": "^2.0.3" } }, "sha512-trmleAnZ2PxN/loHWVhhx1qeOHSRXq4TDsBBxq3GqeJitfk3+jTQ+v/C1km/KYq9M7wKqCewMh+/NAvVH7m+bw=="],

    "birpc": ["birpc@4.0.0", "", {}, "sha512-LShSxJP0KTmd101b6DRyGBj57LZxSDYWKitQNW/mi8GRMvZb078Uf9+pveax1DrVL89vm7mWe+TovdI/UDOuPw=="],

    "bumpp": ["bumpp@10.4.1", "", { "dependencies": { "ansis": "^4.2.0", "args-tokenizer": "^0.3.0", "c12": "^3.3.3", "cac": "^6.7.14", "escalade": "^3.2.0", "jsonc-parser": "^3.3.1", "package-manager-detector": "^1.6.0", "semver": "^7.7.3", "tinyexec": "^1.0.2", "tinyglobby": "^0.2.15", "yaml": "^2.8.2" }, "bin": "bin/bumpp.mjs" }, "sha512-X/bwWs5Gbb/D7rN4aHLB7zdjiA6nGdjckM1sTHhI9oovIbEw2L5pw5S4xzk8ZTeOZ8EnwU/Ze4SoZ6/Vr3pM2Q=="],

    "c12": ["c12@3.3.4", "", { "dependencies": { "chokidar": "^5.0.0", "confbox": "^0.2.4", "defu": "^6.1.6", "dotenv": "^17.3.1", "exsolve": "^1.0.8", "giget": "^3.2.0", "jiti": "^2.6.1", "ohash": "^2.0.11", "pathe": "^2.0.3", "perfect-debounce": "^2.1.0", "pkg-types": "^2.3.0", "rc9": "^3.0.1" }, "peerDependencies": { "magicast": "*" }, "optionalPeers": ["magicast"] }, "sha512-cM0ApFQSBXuourJejzwv/AuPRvAxordTyParRVcHjjtXirtkzM0uK2L9TTn9s0cXZbG7E55jCivRQzoxYmRAlA=="],

    "cac": ["cac@6.7.14", "", {}, "sha512-b6Ilus+c3RrdDk+JhLKUAQfzzgLEPy6wcXqS7f/xe1EETvsDP6GORG7SFuOs6cID5YkqchW/LXZbX5bc8j7ZcQ=="],

    "chokidar": ["chokidar@5.0.0", "", { "dependencies": { "readdirp": "^5.0.0" } }, "sha512-TQMmc3w+5AxjpL8iIiwebF73dRDF4fBIieAqGn9RGCWaEVwQ6Fb2cGe31Yns0RRIzii5goJ1Y7xbMwo1TxMplw=="],

    "chownr": ["chownr@3.0.0", "", {}, "sha512-+IxzY9BZOQd/XuYPRmrvEVjF/nqj5kgT4kEq7VofrDoM1MxoRjEWkrCC3EtLi59TVawxTAn+orJwFQcrqEN1+g=="],

    "confbox": ["confbox@0.2.4", "", {}, "sha512-ysOGlgTFbN2/Y6Cg3Iye8YKulHw+R2fNXHrgSmXISQdMnomY6eNDprVdW9R5xBguEqI954+S6709UyiO7B+6OQ=="],

    "defu": ["defu@6.1.7", "", {}, "sha512-7z22QmUWiQ/2d0KkdYmANbRUVABpZ9SNYyH5vx6PZ+nE5bcC0l7uFvEfHlyld/HcGBFTL536ClDt3DEcSlEJAQ=="],

    "destr": ["destr@2.0.5", "", {}, "sha512-ugFTXCtDZunbzasqBxrK93Ik/DRYsO6S/fedkWEMKqt04xZ4csmnmwGDBAb07QWNaGMAmnTIemsYZCksjATwsA=="],

    "detect-libc": ["detect-libc@2.1.2", "", {}, "sha512-Btj2BOOO83o3WyH59e8MgXsxEQVcarkUOpEYrubB0urwnN10yQ364rsiByU11nZlqWYZm05i/of7io4mzihBtQ=="],

    "dotenv": ["dotenv@17.4.2", "", {}, "sha512-nI4U3TottKAcAD9LLud4Cb7b2QztQMUEfHbvhTH09bqXTxnSie8WnjPALV/WMCrJZ6UV/qHJ6L03OqO3LcdYZw=="],

    "dts-resolver": ["dts-resolver@2.1.3", "", { "peerDependencies": { "oxc-resolver": ">=11.0.0" }, "optionalPeers": ["oxc-resolver"] }, "sha512-bihc7jPC90VrosXNzK0LTE2cuLP6jr0Ro8jk+kMugHReJVLIpHz/xadeq3MhuwyO4TD4OA3L1Q8pBBFRc08Tsw=="],

    "empathic": ["empathic@2.0.0", "", {}, "sha512-i6UzDscO/XfAcNYD75CfICkmfLedpyPDdozrLMmQc5ORaQcdMoc21OnlEylMIqI7U8eniKrPMxxtj8k0vhmJhA=="],

    "escalade": ["escalade@3.2.0", "", {}, "sha512-WUj2qlxaQtO4g6Pq5c29GTcWGDyd8itL8zTlipgECz3JesAiiOKotd8JU6otB3PACgG6xkJUyVhboMS+bje/jA=="],

    "estree-walker": ["estree-walker@3.0.3", "", { "dependencies": { "@types/estree": "^1.0.0" } }, "sha512-7RUKfXgSMMkzt6ZuXmqapOurLGPPfgj6l9uRZ7lRGolvk0y2yocc35LdcxKC5PQZdn2DMqioAQ2NoWcrTKmm6g=="],

    "exsolve": ["exsolve@1.0.8", "", {}, "sha512-LmDxfWXwcTArk8fUEnOfSZpHOJ6zOMUJKOtFLFqJLoKJetuQG874Uc7/Kki7zFLzYybmZhp1M7+98pfMqeX8yA=="],

    "fdir": ["fdir@6.5.0", "", { "peerDependencies": { "picomatch": "^3 || ^4" } }, "sha512-tIbYtZbucOs0BRGqPJkshJUYdL+SDH7dVM8gjy+ERp3WAUjLEFJE+02kanyHtwjWOnwrKYBiwAmM0p4kLJAnXg=="],

    "fsevents": ["fsevents@2.3.3", "", { "os": "darwin" }, "sha512-5xoDfX+fL7faATnagmWPpbFtwh/R77WmMMqqHGS65C3vvB0YHrgF+B1YmZ3441tMj5n63k0212XNoJwzlhffQw=="],

    "get-tsconfig": ["get-tsconfig@4.13.7", "", { "dependencies": { "resolve-pkg-maps": "^1.0.0" } }, "sha512-7tN6rFgBlMgpBML5j8typ92BKFi2sFQvIdpAqLA2beia5avZDrMs0FLZiM5etShWq5irVyGcGMEA1jcDaK7A/Q=="],

    "giget": ["giget@3.2.0", "", { "bin": "dist/cli.mjs" }, "sha512-GvHTWcykIR/fP8cj8dMpuMMkvaeJfPvYnhq0oW+chSeIr+ldX21ifU2Ms6KBoyKZQZmVaUAAhQ2EZ68KJF8a7A=="],

    "hookable": ["hookable@6.1.0", "", {}, "sha512-ZoKZSJgu8voGK2geJS+6YtYjvIzu9AOM/KZXsBxr83uhLL++e9pEv/dlgwgy3dvHg06kTz6JOh1hk3C8Ceiymw=="],

    "import-without-cache": ["import-without-cache@0.2.5", "", {}, "sha512-B6Lc2s6yApwnD2/pMzFh/d5AVjdsDXjgkeJ766FmFuJELIGHNycKRj+l3A39yZPM4CchqNCB4RITEAYB1KUM6A=="],

    "jiti": ["jiti@2.6.1", "", { "bin": "lib/jiti-cli.mjs" }, "sha512-ekilCSN1jwRvIbgeg/57YFh8qQDNbwDb9xT/qu2DAHbFFZUicIl4ygVaAvzveMhMVr3LnpSKTNnwt8PoOfmKhQ=="],

    "jsesc": ["jsesc@3.1.0", "", { "bin": "bin/jsesc" }, "sha512-/sM3dO2FOzXjKQhJuo0Q173wf2KOo8t4I8vHy6lF9poUp7bKT0/NHE8fPX23PwfhnykfqnC2xRxOnVw5XuGIaA=="],

    "jsonc-parser": ["jsonc-parser@3.3.1", "", {}, "sha512-HUgH65KyejrUFPvHFPbqOY0rsFip3Bo5wb4ngvdi1EpCYWUQDC5V+Y7mZws+DLkr4M//zQJoanu1SP+87Dv1oQ=="],

    "lightningcss": ["lightningcss@1.32.0", "", { "dependencies": { "detect-libc": "^2.0.3" }, "optionalDependencies": { "lightningcss-android-arm64": "1.32.0", "lightningcss-darwin-arm64": "1.32.0", "lightningcss-darwin-x64": "1.32.0", "lightningcss-freebsd-x64": "1.32.0", "lightningcss-linux-arm-gnueabihf": "1.32.0", "lightningcss-linux-arm64-gnu": "1.32.0", "lightningcss-linux-arm64-musl": "1.32.0", "lightningcss-linux-x64-gnu": "1.32.0", "lightningcss-linux-x64-musl": "1.32.0", "lightningcss-win32-arm64-msvc": "1.32.0", "lightningcss-win32-x64-msvc": "1.32.0" } }, "sha512-NXYBzinNrblfraPGyrbPoD19C1h9lfI/1mzgWYvXUTe414Gz/X1FD2XBZSZM7rRTrMA8JL3OtAaGifrIKhQ5yQ=="],

    "lightningcss-android-arm64": ["lightningcss-android-arm64@1.32.0", "", { "os": "android", "cpu": "arm64" }, "sha512-YK7/ClTt4kAK0vo6w3X+Pnm0D2cf2vPHbhOXdoNti1Ga0al1P4TBZhwjATvjNwLEBCnKvjJc2jQgHXH0NEwlAg=="],

    "lightningcss-darwin-arm64": ["lightningcss-darwin-arm64@1.32.0", "", { "os": "darwin", "cpu": "arm64" }, "sha512-RzeG9Ju5bag2Bv1/lwlVJvBE3q6TtXskdZLLCyfg5pt+HLz9BqlICO7LZM7VHNTTn/5PRhHFBSjk5lc4cmscPQ=="],

    "lightningcss-darwin-x64": ["lightningcss-darwin-x64@1.32.0", "", { "os": "darwin", "cpu": "x64" }, "sha512-U+QsBp2m/s2wqpUYT/6wnlagdZbtZdndSmut/NJqlCcMLTWp5muCrID+K5UJ6jqD2BFshejCYXniPDbNh73V8w=="],

    "lightningcss-freebsd-x64": ["lightningcss-freebsd-x64@1.32.0", "", { "os": "freebsd", "cpu": "x64" }, "sha512-JCTigedEksZk3tHTTthnMdVfGf61Fky8Ji2E4YjUTEQX14xiy/lTzXnu1vwiZe3bYe0q+SpsSH/CTeDXK6WHig=="],

    "lightningcss-linux-arm-gnueabihf": ["lightningcss-linux-arm-gnueabihf@1.32.0", "", { "os": "linux", "cpu": "arm" }, "sha512-x6rnnpRa2GL0zQOkt6rts3YDPzduLpWvwAF6EMhXFVZXD4tPrBkEFqzGowzCsIWsPjqSK+tyNEODUBXeeVHSkw=="],

    "lightningcss-linux-arm64-gnu": ["lightningcss-linux-arm64-gnu@1.32.0", "", { "os": "linux", "cpu": "arm64" }, "sha512-0nnMyoyOLRJXfbMOilaSRcLH3Jw5z9HDNGfT/gwCPgaDjnx0i8w7vBzFLFR1f6CMLKF8gVbebmkUN3fa/kQJpQ=="],

    "lightningcss-linux-arm64-musl": ["lightningcss-linux-arm64-musl@1.32.0", "", { "os": "linux", "cpu": "arm64" }, "sha512-UpQkoenr4UJEzgVIYpI80lDFvRmPVg6oqboNHfoH4CQIfNA+HOrZ7Mo7KZP02dC6LjghPQJeBsvXhJod/wnIBg=="],

    "lightningcss-linux-x64-gnu": ["lightningcss-linux-x64-gnu@1.32.0", "", { "os": "linux", "cpu": "x64" }, "sha512-V7Qr52IhZmdKPVr+Vtw8o+WLsQJYCTd8loIfpDaMRWGUZfBOYEJeyJIkqGIDMZPwPx24pUMfwSxxI8phr/MbOA=="],

    "lightningcss-linux-x64-musl": ["lightningcss-linux-x64-musl@1.32.0", "", { "os": "linux", "cpu": "x64" }, "sha512-bYcLp+Vb0awsiXg/80uCRezCYHNg1/l3mt0gzHnWV9XP1W5sKa5/TCdGWaR/zBM2PeF/HbsQv/j2URNOiVuxWg=="],

    "lightningcss-win32-arm64-msvc": ["lightningcss-win32-arm64-msvc@1.32.0", "", { "os": "win32", "cpu": "arm64" }, "sha512-8SbC8BR40pS6baCM8sbtYDSwEVQd4JlFTOlaD3gWGHfThTcABnNDBda6eTZeqbofalIJhFx0qKzgHJmcPTnGdw=="],

    "lightningcss-win32-x64-msvc": ["lightningcss-win32-x64-msvc@1.32.0", "", { "os": "win32", "cpu": "x64" }, "sha512-Amq9B/SoZYdDi1kFrojnoqPLxYhQ4Wo5XiL8EVJrVsB8ARoC1PWW6VGtT0WKCemjy8aC+louJnjS7U18x3b06Q=="],

    "minipass": ["minipass@7.1.3", "", {}, "sha512-tEBHqDnIoM/1rXME1zgka9g6Q2lcoCkxHLuc7ODJ5BxbP5d4c2Z5cGgtXAku59200Cx7diuHTOYfSBD8n6mm8A=="],

    "minizlib": ["minizlib@3.1.0", "", { "dependencies": { "minipass": "^7.1.2" } }, "sha512-KZxYo1BUkWD2TVFLr0MQoM8vUUigWD3LlD83a/75BqC+4qE0Hb1Vo5v1FgcfaNXvfXzr+5EhQ6ing/CaBijTlw=="],

    "nanoid": ["nanoid@3.3.11", "", { "bin": "bin/nanoid.cjs" }, "sha512-N8SpfPUnUp1bK+PMYW8qSWdl9U+wwNWI4QKxOYDy9JAro3WMX7p2OeVRF9v+347pnakNevPmiHhNmZ2HbFA76w=="],

    "node-fetch-native": ["node-fetch-native@1.6.7", "", {}, "sha512-g9yhqoedzIUm0nTnTqAQvueMPVOuIY16bqgAJJC8XOOubYFNwz6IER9qs0Gq2Xd0+CecCKFjtdDTMA4u4xG06Q=="],

    "obug": ["obug@2.1.1", "", {}, "sha512-uTqF9MuPraAQ+IsnPf366RG4cP9RtUi7MLO1N3KEc+wb0a6yKpeL0lmk2IB1jY5KHPAlTc6T/JRdC/YqxHNwkQ=="],

    "ofetch": ["ofetch@1.5.1", "", { "dependencies": { "destr": "^2.0.5", "node-fetch-native": "^1.6.7", "ufo": "^1.6.1" } }, "sha512-2W4oUZlVaqAPAil6FUg/difl6YhqhUR7x2eZY4bQCko22UXg3hptq9KLQdqFClV+Wu85UX7hNtdGTngi/1BxcA=="],

    "ohash": ["ohash@2.0.11", "", {}, "sha512-RdR9FQrFwNBNXAr4GixM8YaRZRJ5PUWbKYbE5eOsrwAjJW0q2REGcf79oYPsLyskQCZG1PLN+S/K1V00joZAoQ=="],

    "oxfmt": ["oxfmt@0.44.0", "", { "dependencies": { "tinypool": "2.1.0" }, "optionalDependencies": { "@oxfmt/binding-android-arm-eabi": "0.44.0", "@oxfmt/binding-android-arm64": "0.44.0", "@oxfmt/binding-darwin-arm64": "0.44.0", "@oxfmt/binding-darwin-x64": "0.44.0", "@oxfmt/binding-freebsd-x64": "0.44.0", "@oxfmt/binding-linux-arm-gnueabihf": "0.44.0", "@oxfmt/binding-linux-arm-musleabihf": "0.44.0", "@oxfmt/binding-linux-arm64-gnu": "0.44.0", "@oxfmt/binding-linux-arm64-musl": "0.44.0", "@oxfmt/binding-linux-ppc64-gnu": "0.44.0", "@oxfmt/binding-linux-riscv64-gnu": "0.44.0", "@oxfmt/binding-linux-riscv64-musl": "0.44.0", "@oxfmt/binding-linux-s390x-gnu": "0.44.0", "@oxfmt/binding-linux-x64-gnu": "0.44.0", "@oxfmt/binding-linux-x64-musl": "0.44.0", "@oxfmt/binding-openharmony-arm64": "0.44.0", "@oxfmt/binding-win32-arm64-msvc": "0.44.0", "@oxfmt/binding-win32-ia32-msvc": "0.44.0", "@oxfmt/binding-win32-x64-msvc": "0.44.0" }, "bin": "bin/oxfmt" }, "sha512-lnncqvHewyRvaqdrnntVIrZV2tEddz8lbvPsQzG/zlkfvgZkwy0HP1p/2u1aCDToeg1jb9zBpbJdfkV73Itw+w=="],

    "oxlint": ["oxlint@1.60.0", "", { "optionalDependencies": { "@oxlint/binding-android-arm-eabi": "1.60.0", "@oxlint/binding-android-arm64": "1.60.0", "@oxlint/binding-darwin-arm64": "1.60.0", "@oxlint/binding-darwin-x64": "1.60.0", "@oxlint/binding-freebsd-x64": "1.60.0", "@oxlint/binding-linux-arm-gnueabihf": "1.60.0", "@oxlint/binding-linux-arm-musleabihf": "1.60.0", "@oxlint/binding-linux-arm64-gnu": "1.60.0", "@oxlint/binding-linux-arm64-musl": "1.60.0", "@oxlint/binding-linux-ppc64-gnu": "1.60.0", "@oxlint/binding-linux-riscv64-gnu": "1.60.0", "@oxlint/binding-linux-riscv64-musl": "1.60.0", "@oxlint/binding-linux-s390x-gnu": "1.60.0", "@oxlint/binding-linux-x64-gnu": "1.60.0", "@oxlint/binding-linux-x64-musl": "1.60.0", "@oxlint/binding-openharmony-arm64": "1.60.0", "@oxlint/binding-win32-arm64-msvc": "1.60.0", "@oxlint/binding-win32-ia32-msvc": "1.60.0", "@oxlint/binding-win32-x64-msvc": "1.60.0" }, "peerDependencies": { "oxlint-tsgolint": ">=0.18.0" }, "optionalPeers": ["oxlint-tsgolint"], "bin": "bin/oxlint" }, "sha512-tnRzTWiWJ9pg3ftRWnD0+Oqh78L6ZSwcEudvCZaER0PIqiAnNyXj5N1dPwjmNpDalkKS9m/WMLN1CTPUBPmsgw=="],

    "package-manager-detector": ["package-manager-detector@1.6.0", "", {}, "sha512-61A5ThoTiDG/C8s8UMZwSorAGwMJ0ERVGj2OjoW5pAalsNOg15+iQiPzrLJ4jhZ1HJzmC2PIHT2oEiH3R5fzNA=="],

    "pathe": ["pathe@2.0.3", "", {}, "sha512-WUjGcAqP1gQacoQe+OBJsFA7Ld4DyXuUIjZ5cc75cLHvJ7dtNsTugphxIADwspS+AraAUePCKrSVtPLFj/F88w=="],

    "perfect-debounce": ["perfect-debounce@2.1.0", "", {}, "sha512-LjgdTytVFXeUgtHZr9WYViYSM/g8MkcTPYDlPa3cDqMirHjKiSZPYd6DoL7pK8AJQr+uWkQvCjHNdiMqsrJs+g=="],

    "picocolors": ["picocolors@1.1.1", "", {}, "sha512-xceH2snhtb5M9liqDsmEw56le376mTZkEX/jEb/RxNFyegNul7eNslCXP9FDj/Lcu0X8KEyMceP2ntpaHrDEVA=="],

    "picomatch": ["picomatch@4.0.4", "", {}, "sha512-QP88BAKvMam/3NxH6vj2o21R6MjxZUAd6nlwAS/pnGvN9IVLocLHxGYIzFhg6fUQ+5th6P4dv4eW9jX3DSIj7A=="],

    "pkg-types": ["pkg-types@2.3.0", "", { "dependencies": { "confbox": "^0.2.2", "exsolve": "^1.0.7", "pathe": "^2.0.3" } }, "sha512-SIqCzDRg0s9npO5XQ3tNZioRY1uK06lA41ynBC1YmFTmnY6FjUjVt6s4LoADmwoig1qqD0oK8h1p/8mlMx8Oig=="],

    "postcss": ["postcss@8.5.9", "", { "dependencies": { "nanoid": "^3.3.11", "picocolors": "^1.1.1", "source-map-js": "^1.2.1" } }, "sha512-7a70Nsot+EMX9fFU3064K/kdHWZqGVY+BADLyXc8Dfv+mTLLVl6JzJpPaCZ2kQL9gIJvKXSLMHhqdRRjwQeFtw=="],

    "quansync": ["quansync@1.0.0", "", {}, "sha512-5xZacEEufv3HSTPQuchrvV6soaiACMFnq1H8wkVioctoH3TRha9Sz66lOxRwPK/qZj7HPiSveih9yAyh98gvqA=="],

    "rc9": ["rc9@3.0.1", "", { "dependencies": { "defu": "^6.1.6", "destr": "^2.0.5" } }, "sha512-gMDyleLWVE+i6Sgtc0QbbY6pEKqYs97NGi6isHQPqYlLemPoO8dxQ3uGi0f4NiP98c+jMW6cG1Kx9dDwfvqARQ=="],

    "readdirp": ["readdirp@5.0.0", "", {}, "sha512-9u/XQ1pvrQtYyMpZe7DXKv2p5CNvyVwzUB6uhLAnQwHMSgKMBR62lc7AHljaeteeHXn11XTAaLLUVZYVZyuRBQ=="],

    "resolve-pkg-maps": ["resolve-pkg-maps@1.0.0", "", {}, "sha512-seS2Tj26TBVOC2NIc2rOe2y2ZO7efxITtLZcGSOnHHNOQ7CkiUBfw0Iw2ck6xkIhPwLhKNLS8BO+hEpngQlqzw=="],

    "rolldown": ["rolldown@1.0.0-rc.15", "", { "dependencies": { "@oxc-project/types": "=0.124.0", "@rolldown/pluginutils": "1.0.0-rc.15" }, "optionalDependencies": { "@rolldown/binding-android-arm64": "1.0.0-rc.15", "@rolldown/binding-darwin-arm64": "1.0.0-rc.15", "@rolldown/binding-darwin-x64": "1.0.0-rc.15", "@rolldown/binding-freebsd-x64": "1.0.0-rc.15", "@rolldown/binding-linux-arm-gnueabihf": "1.0.0-rc.15", "@rolldown/binding-linux-arm64-gnu": "1.0.0-rc.15", "@rolldown/binding-linux-arm64-musl": "1.0.0-rc.15", "@rolldown/binding-linux-ppc64-gnu": "1.0.0-rc.15", "@rolldown/binding-linux-s390x-gnu": "1.0.0-rc.15", "@rolldown/binding-linux-x64-gnu": "1.0.0-rc.15", "@rolldown/binding-linux-x64-musl": "1.0.0-rc.15", "@rolldown/binding-openharmony-arm64": "1.0.0-rc.15", "@rolldown/binding-wasm32-wasi": "1.0.0-rc.15", "@rolldown/binding-win32-arm64-msvc": "1.0.0-rc.15", "@rolldown/binding-win32-x64-msvc": "1.0.0-rc.15" }, "bin": "bin/cli.mjs" }, "sha512-Ff31guA5zT6WjnGp0SXw76X6hzGRk/OQq2hE+1lcDe+lJdHSgnSX6nK3erbONHyCbpSj9a9E+uX/OvytZoWp2g=="],

    "rolldown-plugin-dts": ["rolldown-plugin-dts@0.23.2", "", { "dependencies": { "@babel/generator": "8.0.0-rc.3", "@babel/helper-validator-identifier": "8.0.0-rc.3", "@babel/parser": "8.0.0-rc.3", "@babel/types": "8.0.0-rc.3", "ast-kit": "^3.0.0-beta.1", "birpc": "^4.0.0", "dts-resolver": "^2.1.3", "get-tsconfig": "^4.13.7", "obug": "^2.1.1", "picomatch": "^4.0.4" }, "peerDependencies": { "@ts-macro/tsc": "^0.3.6", "@typescript/native-preview": ">=7.0.0-dev.20260325.1", "rolldown": "^1.0.0-rc.12", "typescript": "^5.0.0 || ^6.0.0", "vue-tsc": "~3.2.0" }, "optionalPeers": ["@ts-macro/tsc", "@typescript/native-preview", "vue-tsc"] }, "sha512-PbSqLawLgZBGcOGT3yqWBGn4cX+wh2nt5FuBGdcMHyOhoukmjbhYAl8NT9sE4U38Cm9tqLOIQeOrvzeayM0DLQ=="],

    "semver": ["semver@7.7.4", "", { "bin": "bin/semver.js" }, "sha512-vFKC2IEtQnVhpT78h1Yp8wzwrf8CM+MzKMHGJZfBtzhZNycRFnXsHk6E5TxIkkMsgNS7mdX3AGB7x2QM2di4lA=="],

    "source-map-js": ["source-map-js@1.2.1", "", {}, "sha512-UXWMKhLOwVKb728IUtQPXxfYU+usdybtUrK/8uGE8CQMvrhOpwvzDBwj0QhSL7MQc7vIsISBG8VQ8+IDQxpfQA=="],

    "tar": ["tar@7.5.13", "", { "dependencies": { "@isaacs/fs-minipass": "^4.0.0", "chownr": "^3.0.0", "minipass": "^7.1.2", "minizlib": "^3.1.0", "yallist": "^5.0.0" } }, "sha512-tOG/7GyXpFevhXVh8jOPJrmtRpOTsYqUIkVdVooZYJS/z8WhfQUX8RJILmeuJNinGAMSu1veBr4asSHFt5/hng=="],

    "tinyexec": ["tinyexec@1.1.1", "", {}, "sha512-VKS/ZaQhhkKFMANmAOhhXVoIfBXblQxGX1myCQ2faQrfmobMftXeJPcZGp0gS07ocvGJWDLZGyOZDadDBqYIJg=="],

    "tinyglobby": ["tinyglobby@0.2.16", "", { "dependencies": { "fdir": "^6.5.0", "picomatch": "^4.0.4" } }, "sha512-pn99VhoACYR8nFHhxqix+uvsbXineAasWm5ojXoN8xEwK5Kd3/TrhNn1wByuD52UxWRLy8pu+kRMniEi6Eq9Zg=="],

    "tinypool": ["tinypool@2.1.0", "", {}, "sha512-Pugqs6M0m7Lv1I7FtxN4aoyToKg1C4tu+/381vH35y8oENM/Ai7f7C4StcoK4/+BSw9ebcS8jRiVrORFKCALLw=="],

    "tree-kill": ["tree-kill@1.2.2", "", { "bin": "cli.js" }, "sha512-L0Orpi8qGpRG//Nd+H90vFB+3iHnue1zSSGmNOOCh1GLJ7rUKVwV2HvijphGQS2UmhUZewS9VgvxYIdgr+fG1A=="],

    "tsdown": ["tsdown@0.21.8", "", { "dependencies": { "ansis": "^4.2.0", "cac": "^7.0.0", "defu": "^6.1.7", "empathic": "^2.0.0", "hookable": "^6.1.0", "import-without-cache": "^0.2.5", "obug": "^2.1.1", "picomatch": "^4.0.4", "rolldown": "1.0.0-rc.15", "rolldown-plugin-dts": "^0.23.2", "semver": "^7.7.4", "tinyexec": "^1.1.1", "tinyglobby": "^0.2.16", "tree-kill": "^1.2.2", "unconfig-core": "^7.5.0", "unrun": "^0.2.34" }, "peerDependencies": { "@arethetypeswrong/core": "^0.18.1", "@tsdown/css": "0.21.8", "@tsdown/exe": "0.21.8", "@vitejs/devtools": "*", "publint": "^0.3.0", "typescript": "^5.0.0 || ^6.0.0", "unplugin-unused": "^0.5.0" }, "optionalPeers": ["@arethetypeswrong/core", "@tsdown/css", "@tsdown/exe", "@vitejs/devtools", "publint", "unplugin-unused"], "bin": "dist/run.mjs" }, "sha512-rHDIER4JU5owYTWptvyDk6pwfA5lCft1P+11HLGeF0uj0CB7vopFvr/E8QOaRmegeyHIEsu4+03j7ysvdgBAVA=="],

    "tslib": ["tslib@2.8.1", "", {}, "sha512-oJFu94HQb+KVduSUQL7wnpmqnfmLsOA/nAh6b6EH0wCEoK0/mPeXU6c3wKDV83MkOuHPRHtSXKKU99IBazS/2w=="],

    "typescript": ["typescript@5.9.3", "", { "bin": { "tsc": "bin/tsc", "tsserver": "bin/tsserver" } }, "sha512-jl1vZzPDinLr9eUt3J/t7V6FgNEw9QjvBPdysz9KfQDD41fQrC2Y4vKQdiaUpFT4bXlb1RHhLpp8wtm6M5TgSw=="],

    "ufo": ["ufo@1.6.3", "", {}, "sha512-yDJTmhydvl5lJzBmy/hyOAA0d+aqCBuwl818haVdYCRrWV84o7YyeVm4QlVHStqNrrJSTb6jKuFAVqAFsr+K3Q=="],

    "unconfig-core": ["unconfig-core@7.5.0", "", { "dependencies": { "@quansync/fs": "^1.0.0", "quansync": "^1.0.0" } }, "sha512-Su3FauozOGP44ZmKdHy2oE6LPjk51M/TRRjHv2HNCWiDvfvCoxC2lno6jevMA91MYAdCdwP05QnWdWpSbncX/w=="],

    "undici-types": ["undici-types@6.21.0", "", {}, "sha512-iwDZqg0QAGrg9Rav5H4n0M64c3mkR59cJ6wQp+7C4nI0gsmExaedaYLNO44eT4AtBBwjbTiGPMlt2Md0T9H9JQ=="],

    "unrun": ["unrun@0.2.35", "", { "dependencies": { "rolldown": "1.0.0-rc.15" }, "peerDependencies": { "synckit": "^0.11.11" }, "optionalPeers": ["synckit"], "bin": "dist/cli.mjs" }, "sha512-nDP7mA4Fu5owDarQtLiiN3lq7tJZHFEAVIchnwP8U3wMeEkLoUNT37Hva85H05Rdw8CArpGmtY+lBjpk9fruVQ=="],

    "uuidv7": ["uuidv7@1.2.1", "", { "bin": "cli.js" }, "sha512-4kPkK3/XTQW9Hbm4CaqfICn+kY9LJtDVEOfgsRRra/+n2Ofg4NqzRFceAkxvQ/Ud/6BpHOPzj8cirqM7TzTN5Q=="],

    "vite": ["vite@8.0.8", "", { "dependencies": { "lightningcss": "^1.32.0", "picomatch": "^4.0.4", "postcss": "^8.5.8", "rolldown": "1.0.0-rc.15", "tinyglobby": "^0.2.15" }, "optionalDependencies": { "fsevents": "~2.3.3" }, "peerDependencies": { "@types/node": "^20.19.0 || >=22.12.0", "@vitejs/devtools": "^0.1.0", "esbuild": "^0.27.0 || ^0.28.0", "jiti": ">=1.21.0", "less": "^4.0.0", "sass": "^1.70.0", "sass-embedded": "^1.70.0", "stylus": ">=0.54.8", "sugarss": "^5.0.0", "terser": "^5.16.0", "tsx": "^4.8.1", "yaml": "^2.4.2" }, "optionalPeers": ["@vitejs/devtools", "esbuild", "less", "sass", "sass-embedded", "stylus", "sugarss", "terser", "tsx"], "bin": "bin/vite.js" }, "sha512-dbU7/iLVa8KZALJyLOBOQ88nOXtNG8vxKuOT4I2mD+Ya70KPceF4IAmDsmU0h1Qsn5bPrvsY9HJstCRh3hG6Uw=="],

    "yallist": ["yallist@5.0.0", "", {}, "sha512-YgvUTfwqyc7UXVMrB+SImsVYSmTS8X/tSrtdNZMImM+n7+QTriRXyXim0mBrTXNeqzVF0KWGgHPeiyViFFrNDw=="],

    "yaml": ["yaml@2.8.3", "", { "bin": "bin.mjs" }, "sha512-AvbaCLOO2Otw/lW5bmh9d/WEdcDFdQp2Z2ZUH3pX9U2ihyUY0nvLv7J6TrWowklRGPYbB/IuIMfYgxaCPg5Bpg=="],

    "zen-mitt": ["zen-mitt@3.1.0", "", {}, "sha512-I0KUcnQb9rnx1/Cu9xtlJPj2e2r+yb3putg2Tjx9mjY2pVTnAzH4N/KwnIpnG+RQCz3VPj33NftGis4ug5s/2g=="],

    "tsdown/cac": ["cac@7.0.0", "", {}, "sha512-tixWYgm5ZoOD+3g6UTea91eow5z6AAHaho3g0V9CNSNb45gM8SmflpAc+GRd1InC4AqN/07Unrgp56Y94N9hJQ=="],
  }
}
